
Microsoft Visual Studio Solution File, Format Version 12.00
# Visual Studio Version 16
VisualStudioVersion = 16.0.31005.135
MinimumVisualStudioVersion = 10.0.40219.1
Project("{2150E333-8FDC-42A3-9474-1A3956D46DE8}") = "Services", "Services", "{E8375183-6C18-4768-A18B-C86CA2E32072}"
EndProject
Project("{2150E333-8FDC-42A3-9474-1A3956D46DE8}") = "WebApps", "WebApps", "{A6D9EDF4-D334-47C1-8CDB-8B8FF28E0DDE}"
EndProject
Project("{2150E333-8FDC-42A3-9474-1A3956D46DE8}") = "Cadastros", "Cadastros", "{EEF38D2B-0FC3-4592-B791-B0065BEDBFBD}"
EndProject
Project("{2150E333-8FDC-42A3-9474-1A3956D46DE8}") = "Catalogo", "Catalogo", "{C229E721-9109-4841-B254-4F4B4B4F9E42}"
EndProject
Project("{2150E333-8FDC-42A3-9474-1A3956D46DE8}") = "Core", "Core", "{CFE93F5F-3F6A-435C-A646-B2AB75CC5405}"
EndProject
Project("{2150E333-8FDC-42A3-9474-1A3956D46DE8}") = "Fiscal", "Fiscal", "{ECBF5091-EA38-454F-9C7E-5264F0D5BB74}"
EndProject
Project("{2150E333-8FDC-42A3-9474-1A3956D46DE8}") = "Pagamentos", "Pagamentos", "{51BDBA06-3D70-411C-BCDE-724457C2C5A9}"
EndProject
Project("{2150E333-8FDC-42A3-9474-1A3956D46DE8}") = "Vendas", "Vendas", "{45043B11-8AC5-48D8-991E-F40F1BB9F6B6}"
EndProject
Project("{9A19103F-16F7-4668-BE54-9A1E7A4F7556}") = "LojaIO.Catalogo.Domain", "src\LojaIO.Catalogo.Domain\LojaIO.Catalogo.Domain.csproj", "{4D616DD6-C893-40CF-866E-505C097C0E3E}"
EndProject
Project("{9A19103F-16F7-4668-BE54-9A1E7A4F7556}") = "LojaIO.Core", "src\LojaIO.Core\LojaIO.Core.csproj", "{7034E121-2996-4B1E-9B48-1C99D2AC8C15}"
EndProject
Project("{2150E333-8FDC-42A3-9474-1A3956D46DE8}") = "Tests", "Tests", "{8D265661-B6CA-4338-9BD5-EA79279119B6}"
EndProject
Project("{9A19103F-16F7-4668-BE54-9A1E7A4F7556}") = "LojaIO.Catalogo.Domain.Tests", "tests\LojaIO.Catalogo.Domain.Tests\LojaIO.Catalogo.Domain.Tests.csproj", "{E6C25062-776E-491C-B055-73242439412B}"
EndProject
Project("{9A19103F-16F7-4668-BE54-9A1E7A4F7556}") = "LojaIO.Catalogo.Data", "src\LojaIO.Catalogo.Data\LojaIO.Catalogo.Data.csproj", "{46A62BC8-3A87-4853-BB27-C804D5C5B7FD}"
EndProject
Global
	GlobalSection(SolutionConfigurationPlatforms) = preSolution
		Debug|Any CPU = Debug|Any CPU
		Release|Any CPU = Release|Any CPU
	EndGlobalSection
	GlobalSection(ProjectConfigurationPlatforms) = postSolution
		{4D616DD6-C893-40CF-866E-505C097C0E3E}.Debug|Any CPU.ActiveCfg = Debug|Any CPU
		{4D616DD6-C893-40CF-866E-505C097C0E3E}.Debug|Any CPU.Build.0 = Debug|Any CPU
		{4D616DD6-C893-40CF-866E-505C097C0E3E}.Release|Any CPU.ActiveCfg = Release|Any CPU
		{4D616DD6-C893-40CF-866E-505C097C0E3E}.Release|Any CPU.Build.0 = Release|Any CPU
		{7034E121-2996-4B1E-9B48-1C99D2AC8C15}.Debug|Any CPU.ActiveCfg = Debug|Any CPU
		{7034E121-2996-4B1E-9B48-1C99D2AC8C15}.Debug|Any CPU.Build.0 = Debug|Any CPU
		{7034E121-2996-4B1E-9B48-1C99D2AC8C15}.Release|Any CPU.ActiveCfg = Release|Any CPU
		{7034E121-2996-4B1E-9B48-1C99D2AC8C15}.Release|Any CPU.Build.0 = Release|Any CPU
		{E6C25062-776E-491C-B055-73242439412B}.Debug|Any CPU.ActiveCfg = Debug|Any CPU
		{E6C25062-776E-491C-B055-73242439412B}.Debug|Any CPU.Build.0 = Debug|Any CPU
		{E6C25062-776E-491C-B055-73242439412B}.Release|Any CPU.ActiveCfg = Release|Any CPU
		{E6C25062-776E-491C-B055-73242439412B}.Release|Any CPU.Build.0 = Release|Any CPU
		{46A62BC8-3A87-4853-BB27-C804D5C5B7FD}.Debug|Any CPU.ActiveCfg = Debug|Any CPU
		{46A62BC8-3A87-4853-BB27-C804D5C5B7FD}.Debug|Any CPU.Build.0 = Debug|Any CPU
		{46A62BC8-3A87-4853-BB27-C804D5C5B7FD}.Release|Any CPU.ActiveCfg = Release|Any CPU
		{46A62BC8-3A87-4853-BB27-C804D5C5B7FD}.Release|Any CPU.Build.0 = Release|Any CPU
	EndGlobalSection
	GlobalSection(SolutionProperties) = preSolution
		HideSolutionNode = FALSE
	EndGlobalSection
	GlobalSection(NestedProjects) = preSolution
		{EEF38D2B-0FC3-4592-B791-B0065BEDBFBD} = {E8375183-6C18-4768-A18B-C86CA2E32072}
		{C229E721-9109-4841-B254-4F4B4B4F9E42} = {E8375183-6C18-4768-A18B-C86CA2E32072}
		{CFE93F5F-3F6A-435C-A646-B2AB75CC5405} = {E8375183-6C18-4768-A18B-C86CA2E32072}
		{ECBF5091-EA38-454F-9C7E-5264F0D5BB74} = {E8375183-6C18-4768-A18B-C86CA2E32072}
		{51BDBA06-3D70-411C-BCDE-724457C2C5A9} = {E8375183-6C18-4768-A18B-C86CA2E32072}
		{45043B11-8AC5-48D8-991E-F40F1BB9F6B6} = {E8375183-6C18-4768-A18B-C86CA2E32072}
		{4D616DD6-C893-40CF-866E-505C097C0E3E} = {C229E721-9109-4841-B254-4F4B4B4F9E42}
		{7034E121-2996-4B1E-9B48-1C99D2AC8C15} = {CFE93F5F-3F6A-435C-A646-B2AB75CC5405}
		{8D265661-B6CA-4338-9BD5-EA79279119B6} = {C229E721-9109-4841-B254-4F4B4B4F9E42}
		{E6C25062-776E-491C-B055-73242439412B} = {8D265661-B6CA-4338-9BD5-EA79279119B6}
		{46A62BC8-3A87-4853-BB27-C804D5C5B7FD} = {C229E721-9109-4841-B254-4F4B4B4F9E42}
	EndGlobalSection
	GlobalSection(ExtensibilityGlobals) = postSolution
		SolutionGuid = {8367BCBE-0033-49DA-AF3A-FCCA3CA87C0B}
	EndGlobalSection
EndGlobal
